# Code generated by scarb DO NOT EDIT.
version = 1

[[package]]
name = "payment_router"
version = "0.1.0"
dependencies = [
 "snforge_std_deprecated",
]

[[package]]
name = "snforge_scarb_plugin_deprecated"
version = "0.50.0"
source = "registry+https://scarbs.xyz/"
checksum = "sha256:3c70f3f51c333560278ff47766ad6d6d5d3b1227962616abdf6d5a46e9dca07d"

[[package]]
name = "snforge_std_deprecated"
version = "0.50.0"
source = "registry+https://scarbs.xyz/"
checksum = "sha256:7c6770ba4884a093cb454089068d1b76847d01e17693d4586059882f3b7b6ef5"
dependencies = [
 "snforge_scarb_plugin_deprecated",
]
